
Microsoft Visual Studio Solution File, Format Version 12.00
# Visual Studio 2012
Project("{FAE04EC0-301F-11D3-BF4B-00C04F79EFBC}") = "ThirdXamariniOSDemo", "ThirdXamariniOSDemo\ThirdXamariniOSDemo.csproj", "{9CE05FBB-D1CE-4D46-9208-0BD96CB28238}"
EndProject
Global
	GlobalSection(SolutionConfigurationPlatforms) = preSolution
		Debug|iPhoneSimulator = Debug|iPhoneSimulator
		Release|iPhoneSimulator = Release|iPhoneSimulator
		Debug|iPhone = Debug|iPhone
		Release|iPhone = Release|iPhone
		Ad-Hoc|iPhone = Ad-Hoc|iPhone
		AppStore|iPhone = AppStore|iPhone
	EndGlobalSection
	GlobalSection(ProjectConfigurationPlatforms) = postSolution
		{9CE05FBB-D1CE-4D46-9208-0BD96CB28238}.Ad-Hoc|iPhone.ActiveCfg = Ad-Hoc|iPhone
		{9CE05FBB-D1CE-4D46-9208-0BD96CB28238}.Ad-Hoc|iPhone.Build.0 = Ad-Hoc|iPhone
		{9CE05FBB-D1CE-4D46-9208-0BD96CB28238}.AppStore|iPhone.ActiveCfg = AppStore|iPhone
		{9CE05FBB-D1CE-4D46-9208-0BD96CB28238}.AppStore|iPhone.Build.0 = AppStore|iPhone
		{9CE05FBB-D1CE-4D46-9208-0BD96CB28238}.Debug|iPhone.ActiveCfg = Debug|iPhone
		{9CE05FBB-D1CE-4D46-9208-0BD96CB28238}.Debug|iPhone.Build.0 = Debug|iPhone
		{9CE05FBB-D1CE-4D46-9208-0BD96CB28238}.Debug|iPhoneSimulator.ActiveCfg = Debug|iPhoneSimulator
		{9CE05FBB-D1CE-4D46-9208-0BD96CB28238}.Debug|iPhoneSimulator.Build.0 = Debug|iPhoneSimulator
		{9CE05FBB-D1CE-4D46-9208-0BD96CB28238}.Release|iPhone.ActiveCfg = Release|iPhone
		{9CE05FBB-D1CE-4D46-9208-0BD96CB28238}.Release|iPhone.Build.0 = Release|iPhone
		{9CE05FBB-D1CE-4D46-9208-0BD96CB28238}.Release|iPhoneSimulator.ActiveCfg = Release|iPhoneSimulator
		{9CE05FBB-D1CE-4D46-9208-0BD96CB28238}.Release|iPhoneSimulator.Build.0 = Release|iPhoneSimulator
	EndGlobalSection
	GlobalSection(MonoDevelopProperties) = preSolution
		StartupItem = ThirdXamariniOSDemo\ThirdXamariniOSDemo.csproj
	EndGlobalSection
EndGlobal
